
Microsoft Visual Studio Solution File, Format Version 12.00
# Visual Studio Version 17
VisualStudioVersion = 17.1.32328.378
MinimumVisualStudioVersion = 10.0.40219.1
Project("{FAE04EC0-301F-11D3-BF4B-00C04F79EFBC}") = "DiscordMissionPubTool", "DiscordMissionPubTool.csproj", "{B34896B9-1EBC-46FB-9076-F3A0737C3ED3}"
EndProject
Global
	GlobalSection(SolutionConfigurationPlatforms) = preSolution
		Debug|Any CPU = Debug|Any CPU
		Release|Any CPU = Release|Any CPU
	EndGlobalSection
	GlobalSection(ProjectConfigurationPlatforms) = postSolution
		{B34896B9-1EBC-46FB-9076-F3A0737C3ED3}.Debug|Any CPU.ActiveCfg = Debug|Any CPU
		{B34896B9-1EBC-46FB-9076-F3A0737C3ED3}.Debug|Any CPU.Build.0 = Debug|Any CPU
		{B34896B9-1EBC-46FB-9076-F3A0737C3ED3}.Release|Any CPU.ActiveCfg = Release|Any CPU
		{B34896B9-1EBC-46FB-9076-F3A0737C3ED3}.Release|Any CPU.Build.0 = Release|Any CPU
	EndGlobalSection
	GlobalSection(SolutionProperties) = preSolution
		HideSolutionNode = FALSE
	EndGlobalSection
	GlobalSection(ExtensibilityGlobals) = postSolution
		SolutionGuid = {8E4E4A62-A763-46CF-8CC1-3A24419286DE}
	EndGlobalSection
EndGlobal
